
Microsoft Visual Studio Solution File, Format Version 12.00
# Visual Studio Version 16
VisualStudioVersion = 16.0.32630.194
MinimumVisualStudioVersion = 10.0.40219.1
Project("{9A19103F-16F7-4668-BE54-9A1E7A4F7556}") = "HangmanGame", "HangmanGame.csproj", "{36458D15-371A-4578-90CD-4F1E9EE1C95B}"
EndProject
Global
	GlobalSection(SolutionConfigurationPlatforms) = preSolution
		Debug|Any CPU = Debug|Any CPU
		Release|Any CPU = Release|Any CPU
	EndGlobalSection
	GlobalSection(ProjectConfigurationPlatforms) = postSolution
		{36458D15-371A-4578-90CD-4F1E9EE1C95B}.Debug|Any CPU.ActiveCfg = Debug|Any CPU
		{36458D15-371A-4578-90CD-4F1E9EE1C95B}.Debug|Any CPU.Build.0 = Debug|Any CPU
		{36458D15-371A-4578-90CD-4F1E9EE1C95B}.Release|Any CPU.ActiveCfg = Release|Any CPU
		{36458D15-371A-4578-90CD-4F1E9EE1C95B}.Release|Any CPU.Build.0 = Release|Any CPU
	EndGlobalSection
	GlobalSection(SolutionProperties) = preSolution
		HideSolutionNode = FALSE
	EndGlobalSection
	GlobalSection(ExtensibilityGlobals) = postSolution
		SolutionGuid = {7A62B344-0D13-463E-A24A-9CA4ADD07410}
	EndGlobalSection
EndGlobal
